
Microsoft Visual Studio Solution File, Format Version 12.00
# Visual Studio 2013
VisualStudioVersion = 12.0.31101.0
MinimumVisualStudioVersion = 10.0.40219.1
Project("{FAE04EC0-301F-11D3-BF4B-00C04F79EFBC}") = "01 - Data Access", "01 - Data Access\01 - Data Access.csproj", "{0815BB4C-2024-4940-B88E-F2A1D13490EC}"
EndProject
Project("{FAE04EC0-301F-11D3-BF4B-00C04F79EFBC}") = "02 - Business Logic", "02 - Business Logic\02 - Business Logic.csproj", "{1E953F7E-A806-4A15-890F-3B30E038E289}"
EndProject
Project("{FAE04EC0-301F-11D3-BF4B-00C04F79EFBC}") = "03 - OhadsCarRental Website", "03 - OhadsCarRental Website\03 - OhadsCarRental Website.csproj", "{4E574CFE-6633-43D0-A4F3-AA286EC6826F}"
EndProject
Global
	GlobalSection(SolutionConfigurationPlatforms) = preSolution
		Debug|Any CPU = Debug|Any CPU
		Release|Any CPU = Release|Any CPU
	EndGlobalSection
	GlobalSection(ProjectConfigurationPlatforms) = postSolution
		{0815BB4C-2024-4940-B88E-F2A1D13490EC}.Debug|Any CPU.ActiveCfg = Debug|Any CPU
		{0815BB4C-2024-4940-B88E-F2A1D13490EC}.Debug|Any CPU.Build.0 = Debug|Any CPU
		{0815BB4C-2024-4940-B88E-F2A1D13490EC}.Release|Any CPU.ActiveCfg = Release|Any CPU
		{0815BB4C-2024-4940-B88E-F2A1D13490EC}.Release|Any CPU.Build.0 = Release|Any CPU
		{1E953F7E-A806-4A15-890F-3B30E038E289}.Debug|Any CPU.ActiveCfg = Debug|Any CPU
		{1E953F7E-A806-4A15-890F-3B30E038E289}.Debug|Any CPU.Build.0 = Debug|Any CPU
		{1E953F7E-A806-4A15-890F-3B30E038E289}.Release|Any CPU.ActiveCfg = Release|Any CPU
		{1E953F7E-A806-4A15-890F-3B30E038E289}.Release|Any CPU.Build.0 = Release|Any CPU
		{4E574CFE-6633-43D0-A4F3-AA286EC6826F}.Debug|Any CPU.ActiveCfg = Debug|Any CPU
		{4E574CFE-6633-43D0-A4F3-AA286EC6826F}.Debug|Any CPU.Build.0 = Debug|Any CPU
		{4E574CFE-6633-43D0-A4F3-AA286EC6826F}.Release|Any CPU.ActiveCfg = Release|Any CPU
		{4E574CFE-6633-43D0-A4F3-AA286EC6826F}.Release|Any CPU.Build.0 = Release|Any CPU
	EndGlobalSection
	GlobalSection(SolutionProperties) = preSolution
		HideSolutionNode = FALSE
	EndGlobalSection
EndGlobal
